{
  "name": "teoseptoskratia",
  "version": "0.1.0-SNAPSHOT",
  "lockfileVersion": 3,
  "requires": true,
  "packages": {
    "": {
      "name": "teoseptoskratia",
      "version": "0.1.0-SNAPSHOT",
      "dependencies": {
        "source-map-support": "0.4.0"
      }
    },
    "node_modules/amdefine": {
      "version": "1.0.1",
      "resolved": "https://registry.npmjs.org/amdefine/-/amdefine-1.0.1.tgz",
      "integrity": "sha512-S2Hw0TtNkMJhIabBwIojKL9YHO5T0n5eNqWJ7Lrlel/zDbftQpxpapi8tZs3X1HWa+u+QeydGmzzNU0m09+Rcg==",
      "engines": {
        "node": ">=0.4.2"
      }
    },
    "node_modules/source-map": {
      "version": "0.1.32",
      "resolved": "https://registry.npmjs.org/source-map/-/source-map-0.1.32.tgz",
      "integrity": "sha512-htQyLrrRLkQ87Zfrir4/yN+vAUd6DNjVayEjTSHXu29AYQJw57I4/xEL/M6p6E/woPNJwvZt6rVlzc7gFEJccQ==",
      "dependencies": {
        "amdefine": ">=0.0.4"
      },
      "engines": {
        "node": ">=0.8.0"
      }
    },
    "node_modules/source-map-support": {
      "version": "0.4.0",
      "resolved": "https://registry.npmjs.org/source-map-support/-/source-map-support-0.4.0.tgz",
      "integrity": "sha512-DREQq9XtfYjeSgLvtOCv6MQW9DC3HrGFxE7IVlI0+68pvcIOJFRB04zn/IVAJfV3Iv7W3LxWRGjvZaXR65Un2A==",
      "dependencies": {
        "source-map": "0.1.32"
      }
    }
  }
}
